
Microsoft Visual Studio Solution File, Format Version 12.00
# Visual Studio 15
VisualStudioVersion = 15.0.27004.2002
MinimumVisualStudioVersion = 10.0.40219.1
Project("{FAE04EC0-301F-11D3-BF4B-00C04F79EFBC}") = "GormConsoleApp", "GormConsoleApp\GormConsoleApp.csproj", "{C507A4C3-9F08-4C8E-9BDC-32C8ACE1B242}"
EndProject
Project("{FAE04EC0-301F-11D3-BF4B-00C04F79EFBC}") = "GormLib", "GormLib\GormLib.csproj", "{1B6BAF40-27AD-4811-9E83-EE864FCD58C6}"
EndProject
Project("{FAE04EC0-301F-11D3-BF4B-00C04F79EFBC}") = "GormWpf", "GormWpf\GormWpf.csproj", "{E46E6156-970B-4C7F-9234-D02F2C3E2406}"
EndProject
Global
	GlobalSection(SolutionConfigurationPlatforms) = preSolution
		Debug|Any CPU = Debug|Any CPU
		Release|Any CPU = Release|Any CPU
	EndGlobalSection
	GlobalSection(ProjectConfigurationPlatforms) = postSolution
		{C507A4C3-9F08-4C8E-9BDC-32C8ACE1B242}.Debug|Any CPU.ActiveCfg = Debug|Any CPU
		{C507A4C3-9F08-4C8E-9BDC-32C8ACE1B242}.Debug|Any CPU.Build.0 = Debug|Any CPU
		{C507A4C3-9F08-4C8E-9BDC-32C8ACE1B242}.Release|Any CPU.ActiveCfg = Release|Any CPU
		{C507A4C3-9F08-4C8E-9BDC-32C8ACE1B242}.Release|Any CPU.Build.0 = Release|Any CPU
		{1B6BAF40-27AD-4811-9E83-EE864FCD58C6}.Debug|Any CPU.ActiveCfg = Debug|Any CPU
		{1B6BAF40-27AD-4811-9E83-EE864FCD58C6}.Debug|Any CPU.Build.0 = Debug|Any CPU
		{1B6BAF40-27AD-4811-9E83-EE864FCD58C6}.Release|Any CPU.ActiveCfg = Release|Any CPU
		{1B6BAF40-27AD-4811-9E83-EE864FCD58C6}.Release|Any CPU.Build.0 = Release|Any CPU
		{E46E6156-970B-4C7F-9234-D02F2C3E2406}.Debug|Any CPU.ActiveCfg = Debug|Any CPU
		{E46E6156-970B-4C7F-9234-D02F2C3E2406}.Debug|Any CPU.Build.0 = Debug|Any CPU
		{E46E6156-970B-4C7F-9234-D02F2C3E2406}.Release|Any CPU.ActiveCfg = Release|Any CPU
		{E46E6156-970B-4C7F-9234-D02F2C3E2406}.Release|Any CPU.Build.0 = Release|Any CPU
	EndGlobalSection
	GlobalSection(SolutionProperties) = preSolution
		HideSolutionNode = FALSE
	EndGlobalSection
	GlobalSection(ExtensibilityGlobals) = postSolution
		SolutionGuid = {D039D06A-3BFE-4757-A5AA-04B1E46E4DBA}
	EndGlobalSection
EndGlobal
